
Microsoft Visual Studio Solution File, Format Version 12.00
# Visual Studio Version 17
VisualStudioVersion = 17.4.33110.190
MinimumVisualStudioVersion = 10.0.40219.1
Project("{FAE04EC0-301F-11D3-BF4B-00C04F79EFBC}") = "Salmon", "Salmon\Salmon.csproj", "{7317151F-06C0-4B53-BAF0-CEB7E5EE6F96}"
EndProject
Global
	GlobalSection(SolutionConfigurationPlatforms) = preSolution
		Debug|Any CPU = Debug|Any CPU
		Release|Any CPU = Release|Any CPU
	EndGlobalSection
	GlobalSection(ProjectConfigurationPlatforms) = postSolution
		{7317151F-06C0-4B53-BAF0-CEB7E5EE6F96}.Debug|Any CPU.ActiveCfg = Debug|Any CPU
		{7317151F-06C0-4B53-BAF0-CEB7E5EE6F96}.Debug|Any CPU.Build.0 = Debug|Any CPU
		{7317151F-06C0-4B53-BAF0-CEB7E5EE6F96}.Release|Any CPU.ActiveCfg = Release|Any CPU
		{7317151F-06C0-4B53-BAF0-CEB7E5EE6F96}.Release|Any CPU.Build.0 = Release|Any CPU
	EndGlobalSection
	GlobalSection(SolutionProperties) = preSolution
		HideSolutionNode = FALSE
	EndGlobalSection
	GlobalSection(ExtensibilityGlobals) = postSolution
		SolutionGuid = {AD5C6298-90AC-45FA-A81B-124090827680}
	EndGlobalSection
EndGlobal
